
Microsoft Visual Studio Solution File, Format Version 12.00
# Visual Studio Version 16
VisualStudioVersion = 16.0.30804.86
MinimumVisualStudioVersion = 10.0.40219.1
Project("{FAE04EC0-301F-11D3-BF4B-00C04F79EFBC}") = "WebApi-BudgeManagementSystem", "WebApi-BudgeManagementSystem\WebApi-BudgeManagementSystem.csproj", "{A629AECD-A492-4DA4-8D2E-97562AC0F36E}"
EndProject
Global
	GlobalSection(SolutionConfigurationPlatforms) = preSolution
		Debug|Any CPU = Debug|Any CPU
		Release|Any CPU = Release|Any CPU
	EndGlobalSection
	GlobalSection(ProjectConfigurationPlatforms) = postSolution
		{A629AECD-A492-4DA4-8D2E-97562AC0F36E}.Debug|Any CPU.ActiveCfg = Debug|Any CPU
		{A629AECD-A492-4DA4-8D2E-97562AC0F36E}.Debug|Any CPU.Build.0 = Debug|Any CPU
		{A629AECD-A492-4DA4-8D2E-97562AC0F36E}.Release|Any CPU.ActiveCfg = Release|Any CPU
		{A629AECD-A492-4DA4-8D2E-97562AC0F36E}.Release|Any CPU.Build.0 = Release|Any CPU
	EndGlobalSection
	GlobalSection(SolutionProperties) = preSolution
		HideSolutionNode = FALSE
	EndGlobalSection
	GlobalSection(ExtensibilityGlobals) = postSolution
		SolutionGuid = {5D93E4B0-448A-4C0C-BFC2-AE83FB7F625C}
	EndGlobalSection
EndGlobal
